
Microsoft Visual Studio Solution File, Format Version 12.00
Project("{FAE04EC0-301F-11D3-BF4B-00C04F79EFBC}") = "StdbModule", "server\StdbModule.csproj", "{A1B72565-6D09-4150-AE3C-E6B6D817BF16}"
EndProject
Project("{FAE04EC0-301F-11D3-BF4B-00C04F79EFBC}") = "GodotClient", "client\GodotClient.csproj", "{BB8F872D-29DB-480A-8B6B-64504A4398C7}"
EndProject
Project("{FAE04EC0-301F-11D3-BF4B-00C04F79EFBC}") = "SpacetimeDbConversionTypes", "SpacetimeDbConversionTypes\SpacetimeDbConversionTypes.csproj", "{2DD46DF2-5808-4B7A-A7CC-912D7FA51FEA}"
EndProject
Global
	GlobalSection(SolutionConfigurationPlatforms) = preSolution
		Debug|Any CPU = Debug|Any CPU
		Release|Any CPU = Release|Any CPU
	EndGlobalSection
	GlobalSection(ProjectConfigurationPlatforms) = postSolution
		{A1B72565-6D09-4150-AE3C-E6B6D817BF16}.Debug|Any CPU.ActiveCfg = Debug|Any CPU
		{A1B72565-6D09-4150-AE3C-E6B6D817BF16}.Debug|Any CPU.Build.0 = Debug|Any CPU
		{A1B72565-6D09-4150-AE3C-E6B6D817BF16}.Release|Any CPU.ActiveCfg = Release|Any CPU
		{A1B72565-6D09-4150-AE3C-E6B6D817BF16}.Release|Any CPU.Build.0 = Release|Any CPU
		{BB8F872D-29DB-480A-8B6B-64504A4398C7}.Debug|Any CPU.ActiveCfg = Debug|Any CPU
		{BB8F872D-29DB-480A-8B6B-64504A4398C7}.Debug|Any CPU.Build.0 = Debug|Any CPU
		{BB8F872D-29DB-480A-8B6B-64504A4398C7}.Release|Any CPU.ActiveCfg = Debug|Any CPU
		{BB8F872D-29DB-480A-8B6B-64504A4398C7}.Release|Any CPU.Build.0 = Debug|Any CPU
		{2DD46DF2-5808-4B7A-A7CC-912D7FA51FEA}.Debug|Any CPU.ActiveCfg = Debug|Any CPU
		{2DD46DF2-5808-4B7A-A7CC-912D7FA51FEA}.Debug|Any CPU.Build.0 = Debug|Any CPU
		{2DD46DF2-5808-4B7A-A7CC-912D7FA51FEA}.Release|Any CPU.ActiveCfg = Release|Any CPU
		{2DD46DF2-5808-4B7A-A7CC-912D7FA51FEA}.Release|Any CPU.Build.0 = Release|Any CPU
	EndGlobalSection
EndGlobal
